Microsoft Visual Studio Solution File, Format Version 12.00
# Visual Studio Version 17
VisualStudioVersion = 17.5.2.0
MinimumVisualStudioVersion = 10.0.40219.1
Project("{FAE04EC0-301F-11D3-BF4B-00C04F79EFBC}") = "GameLauncher", "GameLauncher.csproj", "{DDEEAC28-0A3E-D893-9C58-966536FB75AF}"
EndProject
Global
	GlobalSection(SolutionConfigurationPlatforms) = preSolution
		Debug|Any CPU = Debug|Any CPU
		Release|Any CPU = Release|Any CPU
	EndGlobalSection
	GlobalSection(ProjectConfigurationPlatforms) = postSolution
		{DDEEAC28-0A3E-D893-9C58-966536FB75AF}.Debug|Any CPU.ActiveCfg = Debug|Any CPU
		{DDEEAC28-0A3E-D893-9C58-966536FB75AF}.Debug|Any CPU.Build.0 = Debug|Any CPU
		{DDEEAC28-0A3E-D893-9C58-966536FB75AF}.Release|Any CPU.ActiveCfg = Release|Any CPU
		{DDEEAC28-0A3E-D893-9C58-966536FB75AF}.Release|Any CPU.Build.0 = Release|Any CPU
	EndGlobalSection
	GlobalSection(SolutionProperties) = preSolution
		HideSolutionNode = FALSE
	EndGlobalSection
	GlobalSection(ExtensibilityGlobals) = postSolution
		SolutionGuid = {8C217BF9-ABC5-460C-83E7-E0919400BFBC}
	EndGlobalSection
EndGlobal
